
Microsoft Visual Studio Solution File, Format Version 12.00
# Visual Studio Version 16
VisualStudioVersion = 16.0.28803.352
MinimumVisualStudioVersion = 10.0.40219.1
Project("{FAE04EC0-301F-11D3-BF4B-00C04F79EFBC}") = "lowtunning", "lowtunning\lowtunning.csproj", "{C890B38B-F8B3-4A99-9366-C158F09AE822}"
EndProject
Project("{2150E333-8FDC-42A3-9474-1A3956D46DE8}") = "Imagens", "Imagens", "{BFB8DA3F-626D-4F2A-91DF-1E388527B02E}"
EndProject
Global
	GlobalSection(SolutionConfigurationPlatforms) = preSolution
		Debug|Any CPU = Debug|Any CPU
		Release|Any CPU = Release|Any CPU
	EndGlobalSection
	GlobalSection(ProjectConfigurationPlatforms) = postSolution
		{C890B38B-F8B3-4A99-9366-C158F09AE822}.Debug|Any CPU.ActiveCfg = Debug|Any CPU
		{C890B38B-F8B3-4A99-9366-C158F09AE822}.Debug|Any CPU.Build.0 = Debug|Any CPU
		{C890B38B-F8B3-4A99-9366-C158F09AE822}.Release|Any CPU.ActiveCfg = Release|Any CPU
		{C890B38B-F8B3-4A99-9366-C158F09AE822}.Release|Any CPU.Build.0 = Release|Any CPU
	EndGlobalSection
	GlobalSection(SolutionProperties) = preSolution
		HideSolutionNode = FALSE
	EndGlobalSection
	GlobalSection(ExtensibilityGlobals) = postSolution
		SolutionGuid = {3372038C-9169-462D-A89D-3683D6562D97}
	EndGlobalSection
EndGlobal
